
Microsoft Visual Studio Solution File, Format Version 12.00
# Visual Studio Version 16
VisualStudioVersion = 16.0.32002.261
MinimumVisualStudioVersion = 10.0.40219.1
Project("{FAE04EC0-301F-11D3-BF4B-00C04F79EFBC}") = "Exercícios 11-13", "Exercícios 11-13\Exercícios 11-13.csproj", "{A990DAE5-B265-4793-8A82-6A9C5332AC64}"
EndProject
Global
	GlobalSection(SolutionConfigurationPlatforms) = preSolution
		Debug|Any CPU = Debug|Any CPU
		Release|Any CPU = Release|Any CPU
	EndGlobalSection
	GlobalSection(ProjectConfigurationPlatforms) = postSolution
		{A990DAE5-B265-4793-8A82-6A9C5332AC64}.Debug|Any CPU.ActiveCfg = Debug|Any CPU
		{A990DAE5-B265-4793-8A82-6A9C5332AC64}.Debug|Any CPU.Build.0 = Debug|Any CPU
		{A990DAE5-B265-4793-8A82-6A9C5332AC64}.Release|Any CPU.ActiveCfg = Release|Any CPU
		{A990DAE5-B265-4793-8A82-6A9C5332AC64}.Release|Any CPU.Build.0 = Release|Any CPU
	EndGlobalSection
	GlobalSection(SolutionProperties) = preSolution
		HideSolutionNode = FALSE
	EndGlobalSection
	GlobalSection(ExtensibilityGlobals) = postSolution
		SolutionGuid = {98BA7438-2700-4246-AB71-E0CA63C940D6}
	EndGlobalSection
EndGlobal
